
Microsoft Visual Studio Solution File, Format Version 12.00
# Visual Studio Version 16
VisualStudioVersion = 16.0.31005.135
MinimumVisualStudioVersion = 10.0.40219.1
Project("{9A19103F-16F7-4668-BE54-9A1E7A4F7556}") = "Sharbp", "Sharbp\Sharbp.csproj", "{66DF15F7-8DB0-49AE-8778-BB395D0CF537}"
EndProject
Project("{9A19103F-16F7-4668-BE54-9A1E7A4F7556}") = "Models", "Models\Models.csproj", "{8088DA8C-D9D2-4C4C-ABE9-BE9D7F6CB91E}"
EndProject
Global
	GlobalSection(SolutionConfigurationPlatforms) = preSolution
		Debug|Any CPU = Debug|Any CPU
		Release|Any CPU = Release|Any CPU
	EndGlobalSection
	GlobalSection(ProjectConfigurationPlatforms) = postSolution
		{66DF15F7-8DB0-49AE-8778-BB395D0CF537}.Debug|Any CPU.ActiveCfg = Debug|Any CPU
		{66DF15F7-8DB0-49AE-8778-BB395D0CF537}.Debug|Any CPU.Build.0 = Debug|Any CPU
		{66DF15F7-8DB0-49AE-8778-BB395D0CF537}.Release|Any CPU.ActiveCfg = Release|Any CPU
		{66DF15F7-8DB0-49AE-8778-BB395D0CF537}.Release|Any CPU.Build.0 = Release|Any CPU
		{8088DA8C-D9D2-4C4C-ABE9-BE9D7F6CB91E}.Debug|Any CPU.ActiveCfg = Debug|Any CPU
		{8088DA8C-D9D2-4C4C-ABE9-BE9D7F6CB91E}.Debug|Any CPU.Build.0 = Debug|Any CPU
		{8088DA8C-D9D2-4C4C-ABE9-BE9D7F6CB91E}.Release|Any CPU.ActiveCfg = Release|Any CPU
		{8088DA8C-D9D2-4C4C-ABE9-BE9D7F6CB91E}.Release|Any CPU.Build.0 = Release|Any CPU
	EndGlobalSection
	GlobalSection(SolutionProperties) = preSolution
		HideSolutionNode = FALSE
	EndGlobalSection
	GlobalSection(ExtensibilityGlobals) = postSolution
		SolutionGuid = {FB35CFE8-92B3-4330-B47D-818EF3205347}
	EndGlobalSection
EndGlobal
